
Microsoft Visual Studio Solution File, Format Version 12.00
# Visual Studio Version 17
VisualStudioVersion = 17.4.33213.308
MinimumVisualStudioVersion = 10.0.40219.1
Project("{9A19103F-16F7-4668-BE54-9A1E7A4F7556}") = "NiharsBookStore", "NiharsBookStore\NiharsBookStore.csproj", "{6992FBED-8922-4277-B5E6-9A73671A824D}"
EndProject
Project("{FAE04EC0-301F-11D3-BF4B-00C04F79EFBC}") = "NiharsBooks.DataAccess", "NiharsBooks.DataAccess\NiharsBooks.DataAccess.csproj", "{24744DBB-03AE-4625-A5E1-49529FEB13CA}"
EndProject
Project("{FAE04EC0-301F-11D3-BF4B-00C04F79EFBC}") = "NiharsBooks.Models", "NiharsBooks.Models\NiharsBooks.Models.csproj", "{17878EA5-CAE9-4B8D-81CF-ADDDDEF7D082}"
EndProject
Project("{FAE04EC0-301F-11D3-BF4B-00C04F79EFBC}") = "NiharsBooks.Utility", "NiharsBooks.Utility\NiharsBooks.Utility.csproj", "{EE3DF1A1-391A-4173-B532-8459568A7657}"
EndProject
Global
	GlobalSection(SolutionConfigurationPlatforms) = preSolution
		Debug|Any CPU = Debug|Any CPU
		Release|Any CPU = Release|Any CPU
	EndGlobalSection
	GlobalSection(ProjectConfigurationPlatforms) = postSolution
		{6992FBED-8922-4277-B5E6-9A73671A824D}.Debug|Any CPU.ActiveCfg = Debug|Any CPU
		{6992FBED-8922-4277-B5E6-9A73671A824D}.Debug|Any CPU.Build.0 = Debug|Any CPU
		{6992FBED-8922-4277-B5E6-9A73671A824D}.Release|Any CPU.ActiveCfg = Release|Any CPU
		{6992FBED-8922-4277-B5E6-9A73671A824D}.Release|Any CPU.Build.0 = Release|Any CPU
		{24744DBB-03AE-4625-A5E1-49529FEB13CA}.Debug|Any CPU.ActiveCfg = Debug|Any CPU
		{24744DBB-03AE-4625-A5E1-49529FEB13CA}.Debug|Any CPU.Build.0 = Debug|Any CPU
		{24744DBB-03AE-4625-A5E1-49529FEB13CA}.Release|Any CPU.ActiveCfg = Release|Any CPU
		{24744DBB-03AE-4625-A5E1-49529FEB13CA}.Release|Any CPU.Build.0 = Release|Any CPU
		{17878EA5-CAE9-4B8D-81CF-ADDDDEF7D082}.Debug|Any CPU.ActiveCfg = Debug|Any CPU
		{17878EA5-CAE9-4B8D-81CF-ADDDDEF7D082}.Debug|Any CPU.Build.0 = Debug|Any CPU
		{17878EA5-CAE9-4B8D-81CF-ADDDDEF7D082}.Release|Any CPU.ActiveCfg = Release|Any CPU
		{17878EA5-CAE9-4B8D-81CF-ADDDDEF7D082}.Release|Any CPU.Build.0 = Release|Any CPU
		{EE3DF1A1-391A-4173-B532-8459568A7657}.Debug|Any CPU.ActiveCfg = Debug|Any CPU
		{EE3DF1A1-391A-4173-B532-8459568A7657}.Debug|Any CPU.Build.0 = Debug|Any CPU
		{EE3DF1A1-391A-4173-B532-8459568A7657}.Release|Any CPU.ActiveCfg = Release|Any CPU
		{EE3DF1A1-391A-4173-B532-8459568A7657}.Release|Any CPU.Build.0 = Release|Any CPU
	EndGlobalSection
	GlobalSection(SolutionProperties) = preSolution
		HideSolutionNode = FALSE
	EndGlobalSection
	GlobalSection(ExtensibilityGlobals) = postSolution
		SolutionGuid = {3854417A-7B9C-4EA8-BB9E-42C0509AC5F1}
	EndGlobalSection
EndGlobal
